
Microsoft Visual Studio Solution File, Format Version 12.00
# Visual Studio Version 16
VisualStudioVersion = 16.0.30804.86
MinimumVisualStudioVersion = 10.0.40219.1
Project("{9A19103F-16F7-4668-BE54-9A1E7A4F7556}") = "TM_SimplePendant", "TM_SimplePendant\TM_SimplePendant.csproj", "{B7D4016C-47FF-4613-AD22-6206FD8A58B6}"
EndProject
Project("{9A19103F-16F7-4668-BE54-9A1E7A4F7556}") = "SocketManager", "..\..\Git_Managed\SocketManager\SocketManager.csproj", "{178D6E28-B2DF-46BF-9E06-844D21C93C15}"
EndProject
Project("{FAE04EC0-301F-11D3-BF4B-00C04F79EFBC}") = "SimpleModbus", "..\..\Git_Managed\SimpleModbus\SimpleModbus.csproj", "{0DDFAF2B-426E-4C19-A547-18E266F5DFDF}"
EndProject
Project("{9A19103F-16F7-4668-BE54-9A1E7A4F7556}") = "TM_Comms", "..\..\Git_Managed\TM_Comms\TM_Comms\TM_Comms.csproj", "{34ED786E-2B37-4390-9130-DA6749886702}"
EndProject
Global
	GlobalSection(SolutionConfigurationPlatforms) = preSolution
		Debug|Any CPU = Debug|Any CPU
		Release|Any CPU = Release|Any CPU
	EndGlobalSection
	GlobalSection(ProjectConfigurationPlatforms) = postSolution
		{B7D4016C-47FF-4613-AD22-6206FD8A58B6}.Debug|Any CPU.ActiveCfg = Debug|Any CPU
		{B7D4016C-47FF-4613-AD22-6206FD8A58B6}.Debug|Any CPU.Build.0 = Debug|Any CPU
		{B7D4016C-47FF-4613-AD22-6206FD8A58B6}.Release|Any CPU.ActiveCfg = Release|Any CPU
		{B7D4016C-47FF-4613-AD22-6206FD8A58B6}.Release|Any CPU.Build.0 = Release|Any CPU
		{178D6E28-B2DF-46BF-9E06-844D21C93C15}.Debug|Any CPU.ActiveCfg = Debug|Any CPU
		{178D6E28-B2DF-46BF-9E06-844D21C93C15}.Debug|Any CPU.Build.0 = Debug|Any CPU
		{178D6E28-B2DF-46BF-9E06-844D21C93C15}.Release|Any CPU.ActiveCfg = Release|Any CPU
		{178D6E28-B2DF-46BF-9E06-844D21C93C15}.Release|Any CPU.Build.0 = Release|Any CPU
		{0DDFAF2B-426E-4C19-A547-18E266F5DFDF}.Debug|Any CPU.ActiveCfg = Debug|Any CPU
		{0DDFAF2B-426E-4C19-A547-18E266F5DFDF}.Debug|Any CPU.Build.0 = Debug|Any CPU
		{0DDFAF2B-426E-4C19-A547-18E266F5DFDF}.Release|Any CPU.ActiveCfg = Release|Any CPU
		{0DDFAF2B-426E-4C19-A547-18E266F5DFDF}.Release|Any CPU.Build.0 = Release|Any CPU
		{34ED786E-2B37-4390-9130-DA6749886702}.Debug|Any CPU.ActiveCfg = Debug|Any CPU
		{34ED786E-2B37-4390-9130-DA6749886702}.Debug|Any CPU.Build.0 = Debug|Any CPU
		{34ED786E-2B37-4390-9130-DA6749886702}.Release|Any CPU.ActiveCfg = Release|Any CPU
		{34ED786E-2B37-4390-9130-DA6749886702}.Release|Any CPU.Build.0 = Release|Any CPU
	EndGlobalSection
	GlobalSection(SolutionProperties) = preSolution
		HideSolutionNode = FALSE
	EndGlobalSection
	GlobalSection(ExtensibilityGlobals) = postSolution
		SolutionGuid = {FE0AF918-5435-43A3-AC7B-EE68AAF224F5}
	EndGlobalSection
EndGlobal
